
Microsoft Visual Studio Solution File, Format Version 12.00
# Visual Studio 15
VisualStudioVersion = 15.0.28307.1433
MinimumVisualStudioVersion = 10.0.40219.1
Project("{FAE04EC0-301F-11D3-BF4B-00C04F79EFBC}") = "WebApplication", "WebApplication\WebApplication.csproj", "{A8CB795D-6B13-4E0F-A54B-4F04AC969D03}"
EndProject
Global
	GlobalSection(SolutionConfigurationPlatforms) = preSolution
		Debug|Any CPU = Debug|Any CPU
		Release|Any CPU = Release|Any CPU
	EndGlobalSection
	GlobalSection(ProjectConfigurationPlatforms) = postSolution
		{A8CB795D-6B13-4E0F-A54B-4F04AC969D03}.Debug|Any CPU.ActiveCfg = Debug|Any CPU
		{A8CB795D-6B13-4E0F-A54B-4F04AC969D03}.Debug|Any CPU.Build.0 = Debug|Any CPU
		{A8CB795D-6B13-4E0F-A54B-4F04AC969D03}.Release|Any CPU.ActiveCfg = Release|Any CPU
		{A8CB795D-6B13-4E0F-A54B-4F04AC969D03}.Release|Any CPU.Build.0 = Release|Any CPU
	EndGlobalSection
	GlobalSection(SolutionProperties) = preSolution
		HideSolutionNode = FALSE
	EndGlobalSection
	GlobalSection(ExtensibilityGlobals) = postSolution
		SolutionGuid = {84C02C79-AEE9-470A-8B83-FEE6BAA7B86B}
	EndGlobalSection
EndGlobal
